
Microsoft Visual Studio Solution File, Format Version 12.00
Project("{FAE04EC0-301F-11D3-BF4B-00C04F79EFBC}") = "GestionEmps.API", "GestionEmps.API\GestionEmps.API.csproj", "{558D5159-82CD-4285-950E-80B1FAA7119D}"
EndProject
Project("{FAE04EC0-301F-11D3-BF4B-00C04F79EFBC}") = "GestionEmps.Application", "GestionEmps.Application\GestionEmps.Application.csproj", "{CB41E38C-A0E5-491E-830E-AF4AABF64CF8}"
EndProject
Project("{FAE04EC0-301F-11D3-BF4B-00C04F79EFBC}") = "GestionEmps.Infrastructure", "GestionEmps.Infrastructure\GestionEmps.Infrastructure.csproj", "{E87A5E9E-A46C-4744-9871-90F2F77CB3E3}"
EndProject
Project("{FAE04EC0-301F-11D3-BF4B-00C04F79EFBC}") = "GestionEmps.Core", "GestionEmps.Core\GestionEmps.Core.csproj", "{0CE7989C-1918-4AFF-8CF0-AFB5C353DE7D}"
EndProject
Project("{2150E333-8FDC-42A3-9474-1A3956D46DE8}") = "Solution Items", "Solution Items", "{E6F5D4AD-FF2C-4C71-AB39-2F567E535D54}"
	ProjectSection(SolutionItems) = preProject
		compose.yaml = compose.yaml
	EndProjectSection
EndProject
Global
	GlobalSection(SolutionConfigurationPlatforms) = preSolution
		Debug|Any CPU = Debug|Any CPU
		Release|Any CPU = Release|Any CPU
	EndGlobalSection
	GlobalSection(ProjectConfigurationPlatforms) = postSolution
		{558D5159-82CD-4285-950E-80B1FAA7119D}.Debug|Any CPU.ActiveCfg = Debug|Any CPU
		{558D5159-82CD-4285-950E-80B1FAA7119D}.Debug|Any CPU.Build.0 = Debug|Any CPU
		{558D5159-82CD-4285-950E-80B1FAA7119D}.Release|Any CPU.ActiveCfg = Release|Any CPU
		{558D5159-82CD-4285-950E-80B1FAA7119D}.Release|Any CPU.Build.0 = Release|Any CPU
		{CB41E38C-A0E5-491E-830E-AF4AABF64CF8}.Debug|Any CPU.ActiveCfg = Debug|Any CPU
		{CB41E38C-A0E5-491E-830E-AF4AABF64CF8}.Debug|Any CPU.Build.0 = Debug|Any CPU
		{CB41E38C-A0E5-491E-830E-AF4AABF64CF8}.Release|Any CPU.ActiveCfg = Release|Any CPU
		{CB41E38C-A0E5-491E-830E-AF4AABF64CF8}.Release|Any CPU.Build.0 = Release|Any CPU
		{E87A5E9E-A46C-4744-9871-90F2F77CB3E3}.Debug|Any CPU.ActiveCfg = Debug|Any CPU
		{E87A5E9E-A46C-4744-9871-90F2F77CB3E3}.Debug|Any CPU.Build.0 = Debug|Any CPU
		{E87A5E9E-A46C-4744-9871-90F2F77CB3E3}.Release|Any CPU.ActiveCfg = Release|Any CPU
		{E87A5E9E-A46C-4744-9871-90F2F77CB3E3}.Release|Any CPU.Build.0 = Release|Any CPU
		{0CE7989C-1918-4AFF-8CF0-AFB5C353DE7D}.Debug|Any CPU.ActiveCfg = Debug|Any CPU
		{0CE7989C-1918-4AFF-8CF0-AFB5C353DE7D}.Debug|Any CPU.Build.0 = Debug|Any CPU
		{0CE7989C-1918-4AFF-8CF0-AFB5C353DE7D}.Release|Any CPU.ActiveCfg = Release|Any CPU
		{0CE7989C-1918-4AFF-8CF0-AFB5C353DE7D}.Release|Any CPU.Build.0 = Release|Any CPU
	EndGlobalSection
EndGlobal
